{
  "name": "@vyx/worker",
  "version": "0.1.0",
  "lockfileVersion": 3,
  "requires": true,
  "packages": {
    "": {
      "name": "@vyx/worker",
      "version": "0.1.0",
      "license": "MIT",
      "devDependencies": {
        "@types/jest": "^29.5.0",
        "@types/node": "^25.6.0",
        "eslint": "^8.56.0",
        "jest": "^29.7.0",
        "ts-jest": "^29.4.9",
        "typescript": "^6.0.3"
      },
      "engines": {
        "node": ">=18.0.0"
      }
    }
  }
}
